
Microsoft Visual Studio Solution File, Format Version 12.00
# Visual Studio 15
VisualStudioVersion = 15.0.26124.0
MinimumVisualStudioVersion = 15.0.26124.0
Project("{FAE04EC0-301F-11D3-BF4B-00C04F79EFBC}") = "Passenger.Api", "Passenger.Api\Passenger.Api.csproj", "{D34C24D7-8224-4273-89DA-B05F2F7992CE}"
EndProject
Project("{FAE04EC0-301F-11D3-BF4B-00C04F79EFBC}") = "Passenger.Core", "Passenger.Core\Passenger.Core.csproj", "{8F17969A-D1F0-4A2C-B382-B67AE83B68E1}"
EndProject
Project("{FAE04EC0-301F-11D3-BF4B-00C04F79EFBC}") = "Passenger.Infrastructure", "Passenger.Infrastructure\Passenger.Infrastructure.csproj", "{9D90FDB0-412F-4B7D-8F03-F982CEE93652}"
EndProject
Project("{FAE04EC0-301F-11D3-BF4B-00C04F79EFBC}") = "Passenger.Tests", "Passenger.Tests\Passenger.Tests.csproj", "{4E8899D9-39C9-429A-8B8D-918C26EB91E5}"
EndProject
Project("{FAE04EC0-301F-11D3-BF4B-00C04F79EFBC}") = "Passenger.Tests.EndToEnd", "Passenger.Tests.EndToEnd\Passenger.Tests.EndToEnd.csproj", "{E9F01B64-7A87-41E1-BB91-E3922ECF70D9}"
EndProject
Global
	GlobalSection(SolutionConfigurationPlatforms) = preSolution
		Debug|Any CPU = Debug|Any CPU
		Debug|x64 = Debug|x64
		Debug|x86 = Debug|x86
		Release|Any CPU = Release|Any CPU
		Release|x64 = Release|x64
		Release|x86 = Release|x86
	EndGlobalSection
	GlobalSection(SolutionProperties) = preSolution
		HideSolutionNode = FALSE
	EndGlobalSection
	GlobalSection(ProjectConfigurationPlatforms) = postSolution
		{D34C24D7-8224-4273-89DA-B05F2F7992CE}.Debug|Any CPU.ActiveCfg = Debug|Any CPU
		{D34C24D7-8224-4273-89DA-B05F2F7992CE}.Debug|Any CPU.Build.0 = Debug|Any CPU
		{D34C24D7-8224-4273-89DA-B05F2F7992CE}.Debug|x64.ActiveCfg = Debug|Any CPU
		{D34C24D7-8224-4273-89DA-B05F2F7992CE}.Debug|x64.Build.0 = Debug|Any CPU
		{D34C24D7-8224-4273-89DA-B05F2F7992CE}.Debug|x86.ActiveCfg = Debug|Any CPU
		{D34C24D7-8224-4273-89DA-B05F2F7992CE}.Debug|x86.Build.0 = Debug|Any CPU
		{D34C24D7-8224-4273-89DA-B05F2F7992CE}.Release|Any CPU.ActiveCfg = Release|Any CPU
		{D34C24D7-8224-4273-89DA-B05F2F7992CE}.Release|Any CPU.Build.0 = Release|Any CPU
		{D34C24D7-8224-4273-89DA-B05F2F7992CE}.Release|x64.ActiveCfg = Release|Any CPU
		{D34C24D7-8224-4273-89DA-B05F2F7992CE}.Release|x64.Build.0 = Release|Any CPU
		{D34C24D7-8224-4273-89DA-B05F2F7992CE}.Release|x86.ActiveCfg = Release|Any CPU
		{D34C24D7-8224-4273-89DA-B05F2F7992CE}.Release|x86.Build.0 = Release|Any CPU
		{8F17969A-D1F0-4A2C-B382-B67AE83B68E1}.Debug|Any CPU.ActiveCfg = Debug|Any CPU
		{8F17969A-D1F0-4A2C-B382-B67AE83B68E1}.Debug|Any CPU.Build.0 = Debug|Any CPU
		{8F17969A-D1F0-4A2C-B382-B67AE83B68E1}.Debug|x64.ActiveCfg = Debug|Any CPU
		{8F17969A-D1F0-4A2C-B382-B67AE83B68E1}.Debug|x64.Build.0 = Debug|Any CPU
		{8F17969A-D1F0-4A2C-B382-B67AE83B68E1}.Debug|x86.ActiveCfg = Debug|Any CPU
		{8F17969A-D1F0-4A2C-B382-B67AE83B68E1}.Debug|x86.Build.0 = Debug|Any CPU
		{8F17969A-D1F0-4A2C-B382-B67AE83B68E1}.Release|Any CPU.ActiveCfg = Release|Any CPU
		{8F17969A-D1F0-4A2C-B382-B67AE83B68E1}.Release|Any CPU.Build.0 = Release|Any CPU
		{8F17969A-D1F0-4A2C-B382-B67AE83B68E1}.Release|x64.ActiveCfg = Release|Any CPU
		{8F17969A-D1F0-4A2C-B382-B67AE83B68E1}.Release|x64.Build.0 = Release|Any CPU
		{8F17969A-D1F0-4A2C-B382-B67AE83B68E1}.Release|x86.ActiveCfg = Release|Any CPU
		{8F17969A-D1F0-4A2C-B382-B67AE83B68E1}.Release|x86.Build.0 = Release|Any CPU
		{9D90FDB0-412F-4B7D-8F03-F982CEE93652}.Debug|Any CPU.ActiveCfg = Debug|Any CPU
		{9D90FDB0-412F-4B7D-8F03-F982CEE93652}.Debug|Any CPU.Build.0 = Debug|Any CPU
		{9D90FDB0-412F-4B7D-8F03-F982CEE93652}.Debug|x64.ActiveCfg = Debug|Any CPU
		{9D90FDB0-412F-4B7D-8F03-F982CEE93652}.Debug|x64.Build.0 = Debug|Any CPU
		{9D90FDB0-412F-4B7D-8F03-F982CEE93652}.Debug|x86.ActiveCfg = Debug|Any CPU
		{9D90FDB0-412F-4B7D-8F03-F982CEE93652}.Debug|x86.Build.0 = Debug|Any CPU
		{9D90FDB0-412F-4B7D-8F03-F982CEE93652}.Release|Any CPU.ActiveCfg = Release|Any CPU
		{9D90FDB0-412F-4B7D-8F03-F982CEE93652}.Release|Any CPU.Build.0 = Release|Any CPU
		{9D90FDB0-412F-4B7D-8F03-F982CEE93652}.Release|x64.ActiveCfg = Release|Any CPU
		{9D90FDB0-412F-4B7D-8F03-F982CEE93652}.Release|x64.Build.0 = Release|Any CPU
		{9D90FDB0-412F-4B7D-8F03-F982CEE93652}.Release|x86.ActiveCfg = Release|Any CPU
		{9D90FDB0-412F-4B7D-8F03-F982CEE93652}.Release|x86.Build.0 = Release|Any CPU
		{4E8899D9-39C9-429A-8B8D-918C26EB91E5}.Debug|Any CPU.ActiveCfg = Debug|Any CPU
		{4E8899D9-39C9-429A-8B8D-918C26EB91E5}.Debug|Any CPU.Build.0 = Debug|Any CPU
		{4E8899D9-39C9-429A-8B8D-918C26EB91E5}.Debug|x64.ActiveCfg = Debug|Any CPU
		{4E8899D9-39C9-429A-8B8D-918C26EB91E5}.Debug|x64.Build.0 = Debug|Any CPU
		{4E8899D9-39C9-429A-8B8D-918C26EB91E5}.Debug|x86.ActiveCfg = Debug|Any CPU
		{4E8899D9-39C9-429A-8B8D-918C26EB91E5}.Debug|x86.Build.0 = Debug|Any CPU
		{4E8899D9-39C9-429A-8B8D-918C26EB91E5}.Release|Any CPU.ActiveCfg = Release|Any CPU
		{4E8899D9-39C9-429A-8B8D-918C26EB91E5}.Release|Any CPU.Build.0 = Release|Any CPU
		{4E8899D9-39C9-429A-8B8D-918C26EB91E5}.Release|x64.ActiveCfg = Release|Any CPU
		{4E8899D9-39C9-429A-8B8D-918C26EB91E5}.Release|x64.Build.0 = Release|Any CPU
		{4E8899D9-39C9-429A-8B8D-918C26EB91E5}.Release|x86.ActiveCfg = Release|Any CPU
		{4E8899D9-39C9-429A-8B8D-918C26EB91E5}.Release|x86.Build.0 = Release|Any CPU
		{E9F01B64-7A87-41E1-BB91-E3922ECF70D9}.Debug|Any CPU.ActiveCfg = Debug|Any CPU
		{E9F01B64-7A87-41E1-BB91-E3922ECF70D9}.Debug|Any CPU.Build.0 = Debug|Any CPU
		{E9F01B64-7A87-41E1-BB91-E3922ECF70D9}.Debug|x64.ActiveCfg = Debug|Any CPU
		{E9F01B64-7A87-41E1-BB91-E3922ECF70D9}.Debug|x64.Build.0 = Debug|Any CPU
		{E9F01B64-7A87-41E1-BB91-E3922ECF70D9}.Debug|x86.ActiveCfg = Debug|Any CPU
		{E9F01B64-7A87-41E1-BB91-E3922ECF70D9}.Debug|x86.Build.0 = Debug|Any CPU
		{E9F01B64-7A87-41E1-BB91-E3922ECF70D9}.Release|Any CPU.ActiveCfg = Release|Any CPU
		{E9F01B64-7A87-41E1-BB91-E3922ECF70D9}.Release|Any CPU.Build.0 = Release|Any CPU
		{E9F01B64-7A87-41E1-BB91-E3922ECF70D9}.Release|x64.ActiveCfg = Release|Any CPU
		{E9F01B64-7A87-41E1-BB91-E3922ECF70D9}.Release|x64.Build.0 = Release|Any CPU
		{E9F01B64-7A87-41E1-BB91-E3922ECF70D9}.Release|x86.ActiveCfg = Release|Any CPU
		{E9F01B64-7A87-41E1-BB91-E3922ECF70D9}.Release|x86.Build.0 = Release|Any CPU
	EndGlobalSection
EndGlobal
